
Microsoft Visual Studio Solution File, Format Version 12.00
# Visual Studio 15
Project("{FAE04EC0-301F-11D3-BF4B-00C04F79EFBC}") = "GameConsole", "GameConsole\GameConsole.csproj", "{005C70B8-D3FD-40AF-BCF0-901C31D2CB5D}"
EndProject
Global
	GlobalSection(SolutionConfigurationPlatforms) = preSolution
		Debug|Any CPU = Debug|Any CPU
		Release|Any CPU = Release|Any CPU
	EndGlobalSection
	GlobalSection(ProjectConfigurationPlatforms) = postSolution
		{005C70B8-D3FD-40AF-BCF0-901C31D2CB5D}.Debug|Any CPU.ActiveCfg = Debug|Any CPU
		{005C70B8-D3FD-40AF-BCF0-901C31D2CB5D}.Debug|Any CPU.Build.0 = Debug|Any CPU
		{005C70B8-D3FD-40AF-BCF0-901C31D2CB5D}.Release|Any CPU.ActiveCfg = Release|Any CPU
		{005C70B8-D3FD-40AF-BCF0-901C31D2CB5D}.Release|Any CPU.Build.0 = Release|Any CPU
	EndGlobalSection
EndGlobal
