
Microsoft Visual Studio Solution File, Format Version 12.00
# Visual Studio 15
VisualStudioVersion = 15.0.27703.2026
MinimumVisualStudioVersion = 10.0.40219.1
Project("{FAE04EC0-301F-11D3-BF4B-00C04F79EFBC}") = "FindErrorsClasses", "FindErrorsClasses\FindErrorsClasses.csproj", "{24F36D85-6467-4AC1-A144-10099A3EE8CB}"
EndProject
Global
	GlobalSection(SolutionConfigurationPlatforms) = preSolution
		Debug|Any CPU = Debug|Any CPU
		Release|Any CPU = Release|Any CPU
	EndGlobalSection
	GlobalSection(ProjectConfigurationPlatforms) = postSolution
		{24F36D85-6467-4AC1-A144-10099A3EE8CB}.Debug|Any CPU.ActiveCfg = Debug|Any CPU
		{24F36D85-6467-4AC1-A144-10099A3EE8CB}.Debug|Any CPU.Build.0 = Debug|Any CPU
		{24F36D85-6467-4AC1-A144-10099A3EE8CB}.Release|Any CPU.ActiveCfg = Release|Any CPU
		{24F36D85-6467-4AC1-A144-10099A3EE8CB}.Release|Any CPU.Build.0 = Release|Any CPU
	EndGlobalSection
	GlobalSection(SolutionProperties) = preSolution
		HideSolutionNode = FALSE
	EndGlobalSection
	GlobalSection(ExtensibilityGlobals) = postSolution
		SolutionGuid = {F7AC0409-BE2E-4B23-9575-52F4986C6B8B}
	EndGlobalSection
EndGlobal
